# THIS IS AN AUTOGENERATED FILE. DO NOT EDIT THIS FILE DIRECTLY.
# yarn lockfile v1


esbuild@^0.11.13:
  version "0.11.13"
  resolved "https://registry.yarnpkg.com/esbuild/-/esbuild-0.11.13.tgz#f61bb9b62f1ea5b749537db78fafb11c9cc0e096"
  integrity sha512-d5coY4dd4rVWle0WzrR8+32ukKtZroVJ/wJzOwbBEmoSFB/H3QME0l+3IAN5Sf3LtuoUSivdv1/b5rD7OykXeg==
